
Microsoft Visual Studio Solution File, Format Version 12.00
# Visual Studio Version 17
VisualStudioVersion = 17.6.33717.318
MinimumVisualStudioVersion = 10.0.40219.1
Project("{9A19103F-16F7-4668-BE54-9A1E7A4F7556}") = "EFCore", "EFCore\EFCore.csproj", "{CC3D2749-A446-4791-B543-83B81344F5D6}"
EndProject
Project("{9A19103F-16F7-4668-BE54-9A1E7A4F7556}") = "一对多", "OneWithMany\一对多.csproj", "{7958FAC9-2191-40B8-941E-BC0AA2C0A21B}"
EndProject
Project("{9A19103F-16F7-4668-BE54-9A1E7A4F7556}") = "自引用的数组结构树", "自引用的数组结构树\自引用的数组结构树.csproj", "{17A34E8A-3E06-4955-AF2B-A8F2A6697DE2}"
EndProject
Project("{9A19103F-16F7-4668-BE54-9A1E7A4F7556}") = "一对一", "一对一\一对一.csproj", "{8E9C8BFB-1CA4-4198-BE5F-46F1C208DE48}"
EndProject
Project("{9A19103F-16F7-4668-BE54-9A1E7A4F7556}") = "多对多", "多对多\多对多.csproj", "{93794820-84A3-48A8-9FF7-C0A579FF4A32}"
EndProject
Project("{9A19103F-16F7-4668-BE54-9A1E7A4F7556}") = "MySql悲观并发控制", "MySql悲观并发控制\MySql悲观并发控制.csproj", "{E8300067-DC3E-4223-B7CA-FD3B70CF3C3D}"
EndProject
Project("{9A19103F-16F7-4668-BE54-9A1E7A4F7556}") = "MySql乐观并发控制", "MySql乐观并发控制\MySql乐观并发控制.csproj", "{B7252899-CDD5-412F-BD5A-6CC9FB239D8E}"
EndProject
Project("{9A19103F-16F7-4668-BE54-9A1E7A4F7556}") = "SQLServer乐观并发控制", "SQLServer乐观并发控制\SQLServer乐观并发控制.csproj", "{90EDE441-0422-4DDC-B5BC-0DB9559B8A28}"
EndProject
Project("{9A19103F-16F7-4668-BE54-9A1E7A4F7556}") = "表达式树", "表达式树\表达式树.csproj", "{4C4774DF-3933-48B2-9F15-6BA3ED9395A2}"
EndProject
Project("{9A19103F-16F7-4668-BE54-9A1E7A4F7556}") = "C#新语法", "C#新语法\C#新语法.csproj", "{566E9A22-54E8-4AB7-88D9-2F4CC6D2D27D}"
EndProject
Project("{9A19103F-16F7-4668-BE54-9A1E7A4F7556}") = "WebCore", "coreweb\WebCore.csproj", "{C56AC243-3395-4C2A-AC13-6735BA141AF7}"
EndProject
Project("{9A19103F-16F7-4668-BE54-9A1E7A4F7556}") = "WebAPI", "WebAPI\WebAPI.csproj", "{B017B0D9-663C-4EF3-BEE9-0062F8A036D2}"
EndProject
Project("{9A19103F-16F7-4668-BE54-9A1E7A4F7556}") = "Cache", "Cache\Cache.csproj", "{2C90A987-5FEC-4007-B5E9-31E7E6D992B3}"
EndProject
Project("{9A19103F-16F7-4668-BE54-9A1E7A4F7556}") = "综合配置集成", "综合配置集成\综合配置集成.csproj", "{C1126B56-D856-4C42-9638-284DD12FE786}"
EndProject
Project("{9A19103F-16F7-4668-BE54-9A1E7A4F7556}") = "多层项目API", "多层项目API\多层项目API.csproj", "{A7216688-4342-40C3-8F43-0F721FDFC8DB}"
EndProject
Project("{9A19103F-16F7-4668-BE54-9A1E7A4F7556}") = "多层项目EFCoreBooks", "多层项目EFCoreBooks\多层项目EFCoreBooks.csproj", "{25DEF0AC-18FE-4C40-95A6-A6887B1C1309}"
EndProject
Project("{9A19103F-16F7-4668-BE54-9A1E7A4F7556}") = "过滤器ExceptionFilter", "过滤器Filter\过滤器ExceptionFilter.csproj", "{DB2AA532-33FD-472D-ADD8-723E5BC2D975}"
EndProject
Project("{9A19103F-16F7-4668-BE54-9A1E7A4F7556}") = "过滤器ActionFilter", "过滤器ActionFilter\过滤器ActionFilter.csproj", "{5D1D73A9-EC99-49B0-872B-1BC07759CC1C}"
EndProject
Project("{9A19103F-16F7-4668-BE54-9A1E7A4F7556}") = "中间件", "中间件\中间件.csproj", "{98AC8456-99BC-42A1-B301-5B5334EE44FD}"
EndProject
Project("{9A19103F-16F7-4668-BE54-9A1E7A4F7556}") = "中间件Markdown", "中间件Markdown\中间件Markdown.csproj", "{23CADF21-C8A8-48EC-A1A2-2BC45BB45C2D}"
EndProject
Project("{9A19103F-16F7-4668-BE54-9A1E7A4F7556}") = "Identity框架", "Identity框架\Identity框架.csproj", "{512CC861-B440-45AC-AE99-3A8A85A97237}"
EndProject
Project("{9A19103F-16F7-4668-BE54-9A1E7A4F7556}") = "生成JWT", "生成JWT\生成JWT.csproj", "{26AB6996-891D-4BF6-AF6A-AB437F4A348B}"
EndProject
Project("{9A19103F-16F7-4668-BE54-9A1E7A4F7556}") = "JWT读取(不校验签名)", "JWT读取(不校验签名)\JWT读取(不校验签名).csproj", "{460B4F1F-4FAE-4082-8805-49F426E9E39B}"
EndProject
Project("{9A19103F-16F7-4668-BE54-9A1E7A4F7556}") = "JWT读取(校验签名)", "JWT读取(校验签名)\JWT读取(校验签名).csproj", "{15656D82-3976-4725-9C53-157541E8FF28}"
EndProject
Project("{2150E333-8FDC-42A3-9474-1A3956D46DE8}") = "JWT", "JWT", "{5E2CC75D-B653-475E-906A-1FEBC57B7C7F}"
EndProject
Project("{9A19103F-16F7-4668-BE54-9A1E7A4F7556}") = "JWTWebApp", "JWTWebApp\JWTWebApp.csproj", "{8D8D2FD4-3EAC-47BA-AA92-93883946F31D}"
EndProject
Project("{9A19103F-16F7-4668-BE54-9A1E7A4F7556}") = "JWT的提前撤回", "JWT的提前撤回\JWT的提前撤回.csproj", "{0E3F75D9-D818-4C64-8E14-4406AD1E522F}"
EndProject
Project("{9A19103F-16F7-4668-BE54-9A1E7A4F7556}") = "HostedService托管代码", "HostedService托管代码\HostedService托管代码.csproj", "{948D3CEA-63B6-4300-A2F3-455130EAF695}"
EndProject
Project("{9A19103F-16F7-4668-BE54-9A1E7A4F7556}") = "数据校验", "数据校验\数据校验.csproj", "{9E69E5B3-0E3C-434C-844F-B1886106EBFC}"
EndProject
Project("{9A19103F-16F7-4668-BE54-9A1E7A4F7556}") = "SignalRAPI", "SignalRAPI\SignalRAPI.csproj", "{3ECA625F-2AA0-43BE-B827-8231F284C5F4}"
EndProject
Project("{9A19103F-16F7-4668-BE54-9A1E7A4F7556}") = "EF Core充血模型", "EF Core充血模型\EF Core充血模型.csproj", "{2833909F-B517-4890-BB5C-9F94C3A127EF}"
EndProject
Project("{9A19103F-16F7-4668-BE54-9A1E7A4F7556}") = "MediatRTest", "MediatRTest\MediatRTest.csproj", "{F76AD3BE-1D14-470A-A12A-7E082DED52EA}"
EndProject
Project("{9A19103F-16F7-4668-BE54-9A1E7A4F7556}") = "领域事件发布的时机", "领域事件发布的时机\领域事件发布的时机.csproj", "{150A23A5-E686-40DE-A32A-8ECCA9282324}"
EndProject
Project("{2150E333-8FDC-42A3-9474-1A3956D46DE8}") = "RabbitMQ", "RabbitMQ", "{8D6213FD-5926-40D1-8CD3-99768968C821}"
EndProject
Project("{9A19103F-16F7-4668-BE54-9A1E7A4F7556}") = "SenderTest", "SenderTest\SenderTest.csproj", "{9A89520B-9705-4F70-A367-91287B357C2C}"
EndProject
Project("{9A19103F-16F7-4668-BE54-9A1E7A4F7556}") = "ConsumerTest", "ConsumerTest\ConsumerTest.csproj", "{1FF72248-83D2-4E48-A3FE-D185D858D2FE}"
EndProject
Project("{2150E333-8FDC-42A3-9474-1A3956D46DE8}") = "洋葱架构(整洁架构)", "洋葱架构(整洁架构)", "{EB8801C7-16DB-4569-82F7-36DBAD3DEB0A}"
EndProject
Project("{9A19103F-16F7-4668-BE54-9A1E7A4F7556}") = "UserMgr.WebAPI", "UserMgr.WebAPI\UserMgr.WebAPI.csproj", "{F549D318-D9C3-4825-B694-011054EE915A}"
EndProject
Project("{9A19103F-16F7-4668-BE54-9A1E7A4F7556}") = "UserMgr.Domain", "UserMgr.Domain\UserMgr.Domain.csproj", "{E7459566-E800-4FD1-A6D6-701E2B6D6949}"
EndProject
Project("{FAE04EC0-301F-11D3-BF4B-00C04F79EFBC}") = "UserMgr.Infrastracture", "UserMgr.Infrastracture\UserMgr.Infrastracture.csproj", "{98D0B7E0-5479-438A-9F2F-89700852A616}"
EndProject
Global
	GlobalSection(SolutionConfigurationPlatforms) = preSolution
		Debug|Any CPU = Debug|Any CPU
		Release|Any CPU = Release|Any CPU
	EndGlobalSection
	GlobalSection(ProjectConfigurationPlatforms) = postSolution
		{CC3D2749-A446-4791-B543-83B81344F5D6}.Debug|Any CPU.ActiveCfg = Debug|Any CPU
		{CC3D2749-A446-4791-B543-83B81344F5D6}.Debug|Any CPU.Build.0 = Debug|Any CPU
		{CC3D2749-A446-4791-B543-83B81344F5D6}.Release|Any CPU.ActiveCfg = Release|Any CPU
		{CC3D2749-A446-4791-B543-83B81344F5D6}.Release|Any CPU.Build.0 = Release|Any CPU
		{7958FAC9-2191-40B8-941E-BC0AA2C0A21B}.Debug|Any CPU.ActiveCfg = Debug|Any CPU
		{7958FAC9-2191-40B8-941E-BC0AA2C0A21B}.Debug|Any CPU.Build.0 = Debug|Any CPU
		{7958FAC9-2191-40B8-941E-BC0AA2C0A21B}.Release|Any CPU.ActiveCfg = Release|Any CPU
		{7958FAC9-2191-40B8-941E-BC0AA2C0A21B}.Release|Any CPU.Build.0 = Release|Any CPU
		{17A34E8A-3E06-4955-AF2B-A8F2A6697DE2}.Debug|Any CPU.ActiveCfg = Debug|Any CPU
		{17A34E8A-3E06-4955-AF2B-A8F2A6697DE2}.Debug|Any CPU.Build.0 = Debug|Any CPU
		{17A34E8A-3E06-4955-AF2B-A8F2A6697DE2}.Release|Any CPU.ActiveCfg = Release|Any CPU
		{17A34E8A-3E06-4955-AF2B-A8F2A6697DE2}.Release|Any CPU.Build.0 = Release|Any CPU
		{8E9C8BFB-1CA4-4198-BE5F-46F1C208DE48}.Debug|Any CPU.ActiveCfg = Debug|Any CPU
		{8E9C8BFB-1CA4-4198-BE5F-46F1C208DE48}.Debug|Any CPU.Build.0 = Debug|Any CPU
		{8E9C8BFB-1CA4-4198-BE5F-46F1C208DE48}.Release|Any CPU.ActiveCfg = Release|Any CPU
		{8E9C8BFB-1CA4-4198-BE5F-46F1C208DE48}.Release|Any CPU.Build.0 = Release|Any CPU
		{93794820-84A3-48A8-9FF7-C0A579FF4A32}.Debug|Any CPU.ActiveCfg = Debug|Any CPU
		{93794820-84A3-48A8-9FF7-C0A579FF4A32}.Debug|Any CPU.Build.0 = Debug|Any CPU
		{93794820-84A3-48A8-9FF7-C0A579FF4A32}.Release|Any CPU.ActiveCfg = Release|Any CPU
		{93794820-84A3-48A8-9FF7-C0A579FF4A32}.Release|Any CPU.Build.0 = Release|Any CPU
		{E8300067-DC3E-4223-B7CA-FD3B70CF3C3D}.Debug|Any CPU.ActiveCfg = Debug|Any CPU
		{E8300067-DC3E-4223-B7CA-FD3B70CF3C3D}.Debug|Any CPU.Build.0 = Debug|Any CPU
		{E8300067-DC3E-4223-B7CA-FD3B70CF3C3D}.Release|Any CPU.ActiveCfg = Release|Any CPU
		{E8300067-DC3E-4223-B7CA-FD3B70CF3C3D}.Release|Any CPU.Build.0 = Release|Any CPU
		{B7252899-CDD5-412F-BD5A-6CC9FB239D8E}.Debug|Any CPU.ActiveCfg = Debug|Any CPU
		{B7252899-CDD5-412F-BD5A-6CC9FB239D8E}.Debug|Any CPU.Build.0 = Debug|Any CPU
		{B7252899-CDD5-412F-BD5A-6CC9FB239D8E}.Release|Any CPU.ActiveCfg = Release|Any CPU
		{B7252899-CDD5-412F-BD5A-6CC9FB239D8E}.Release|Any CPU.Build.0 = Release|Any CPU
		{90EDE441-0422-4DDC-B5BC-0DB9559B8A28}.Debug|Any CPU.ActiveCfg = Debug|Any CPU
		{90EDE441-0422-4DDC-B5BC-0DB9559B8A28}.Debug|Any CPU.Build.0 = Debug|Any CPU
		{90EDE441-0422-4DDC-B5BC-0DB9559B8A28}.Release|Any CPU.ActiveCfg = Release|Any CPU
		{90EDE441-0422-4DDC-B5BC-0DB9559B8A28}.Release|Any CPU.Build.0 = Release|Any CPU
		{4C4774DF-3933-48B2-9F15-6BA3ED9395A2}.Debug|Any CPU.ActiveCfg = Debug|Any CPU
		{4C4774DF-3933-48B2-9F15-6BA3ED9395A2}.Debug|Any CPU.Build.0 = Debug|Any CPU
		{4C4774DF-3933-48B2-9F15-6BA3ED9395A2}.Release|Any CPU.ActiveCfg = Release|Any CPU
		{4C4774DF-3933-48B2-9F15-6BA3ED9395A2}.Release|Any CPU.Build.0 = Release|Any CPU
		{566E9A22-54E8-4AB7-88D9-2F4CC6D2D27D}.Debug|Any CPU.ActiveCfg = Debug|Any CPU
		{566E9A22-54E8-4AB7-88D9-2F4CC6D2D27D}.Debug|Any CPU.Build.0 = Debug|Any CPU
		{566E9A22-54E8-4AB7-88D9-2F4CC6D2D27D}.Release|Any CPU.ActiveCfg = Release|Any CPU
		{566E9A22-54E8-4AB7-88D9-2F4CC6D2D27D}.Release|Any CPU.Build.0 = Release|Any CPU
		{C56AC243-3395-4C2A-AC13-6735BA141AF7}.Debug|Any CPU.ActiveCfg = Debug|Any CPU
		{C56AC243-3395-4C2A-AC13-6735BA141AF7}.Debug|Any CPU.Build.0 = Debug|Any CPU
		{C56AC243-3395-4C2A-AC13-6735BA141AF7}.Release|Any CPU.ActiveCfg = Release|Any CPU
		{C56AC243-3395-4C2A-AC13-6735BA141AF7}.Release|Any CPU.Build.0 = Release|Any CPU
		{B017B0D9-663C-4EF3-BEE9-0062F8A036D2}.Debug|Any CPU.ActiveCfg = Debug|Any CPU
		{B017B0D9-663C-4EF3-BEE9-0062F8A036D2}.Debug|Any CPU.Build.0 = Debug|Any CPU
		{B017B0D9-663C-4EF3-BEE9-0062F8A036D2}.Release|Any CPU.ActiveCfg = Release|Any CPU
		{B017B0D9-663C-4EF3-BEE9-0062F8A036D2}.Release|Any CPU.Build.0 = Release|Any CPU
		{2C90A987-5FEC-4007-B5E9-31E7E6D992B3}.Debug|Any CPU.ActiveCfg = Debug|Any CPU
		{2C90A987-5FEC-4007-B5E9-31E7E6D992B3}.Debug|Any CPU.Build.0 = Debug|Any CPU
		{2C90A987-5FEC-4007-B5E9-31E7E6D992B3}.Release|Any CPU.ActiveCfg = Release|Any CPU
		{2C90A987-5FEC-4007-B5E9-31E7E6D992B3}.Release|Any CPU.Build.0 = Release|Any CPU
		{C1126B56-D856-4C42-9638-284DD12FE786}.Debug|Any CPU.ActiveCfg = Debug|Any CPU
		{C1126B56-D856-4C42-9638-284DD12FE786}.Debug|Any CPU.Build.0 = Debug|Any CPU
		{C1126B56-D856-4C42-9638-284DD12FE786}.Release|Any CPU.ActiveCfg = Release|Any CPU
		{C1126B56-D856-4C42-9638-284DD12FE786}.Release|Any CPU.Build.0 = Release|Any CPU
		{A7216688-4342-40C3-8F43-0F721FDFC8DB}.Debug|Any CPU.ActiveCfg = Debug|Any CPU
		{A7216688-4342-40C3-8F43-0F721FDFC8DB}.Debug|Any CPU.Build.0 = Debug|Any CPU
		{A7216688-4342-40C3-8F43-0F721FDFC8DB}.Release|Any CPU.ActiveCfg = Release|Any CPU
		{A7216688-4342-40C3-8F43-0F721FDFC8DB}.Release|Any CPU.Build.0 = Release|Any CPU
		{25DEF0AC-18FE-4C40-95A6-A6887B1C1309}.Debug|Any CPU.ActiveCfg = Debug|Any CPU
		{25DEF0AC-18FE-4C40-95A6-A6887B1C1309}.Debug|Any CPU.Build.0 = Debug|Any CPU
		{25DEF0AC-18FE-4C40-95A6-A6887B1C1309}.Release|Any CPU.ActiveCfg = Release|Any CPU
		{25DEF0AC-18FE-4C40-95A6-A6887B1C1309}.Release|Any CPU.Build.0 = Release|Any CPU
		{DB2AA532-33FD-472D-ADD8-723E5BC2D975}.Debug|Any CPU.ActiveCfg = Debug|Any CPU
		{DB2AA532-33FD-472D-ADD8-723E5BC2D975}.Debug|Any CPU.Build.0 = Debug|Any CPU
		{DB2AA532-33FD-472D-ADD8-723E5BC2D975}.Release|Any CPU.ActiveCfg = Release|Any CPU
		{DB2AA532-33FD-472D-ADD8-723E5BC2D975}.Release|Any CPU.Build.0 = Release|Any CPU
		{5D1D73A9-EC99-49B0-872B-1BC07759CC1C}.Debug|Any CPU.ActiveCfg = Debug|Any CPU
		{5D1D73A9-EC99-49B0-872B-1BC07759CC1C}.Debug|Any CPU.Build.0 = Debug|Any CPU
		{5D1D73A9-EC99-49B0-872B-1BC07759CC1C}.Release|Any CPU.ActiveCfg = Release|Any CPU
		{5D1D73A9-EC99-49B0-872B-1BC07759CC1C}.Release|Any CPU.Build.0 = Release|Any CPU
		{98AC8456-99BC-42A1-B301-5B5334EE44FD}.Debug|Any CPU.ActiveCfg = Debug|Any CPU
		{98AC8456-99BC-42A1-B301-5B5334EE44FD}.Debug|Any CPU.Build.0 = Debug|Any CPU
		{98AC8456-99BC-42A1-B301-5B5334EE44FD}.Release|Any CPU.ActiveCfg = Release|Any CPU
		{98AC8456-99BC-42A1-B301-5B5334EE44FD}.Release|Any CPU.Build.0 = Release|Any CPU
		{23CADF21-C8A8-48EC-A1A2-2BC45BB45C2D}.Debug|Any CPU.ActiveCfg = Debug|Any CPU
		{23CADF21-C8A8-48EC-A1A2-2BC45BB45C2D}.Debug|Any CPU.Build.0 = Debug|Any CPU
		{23CADF21-C8A8-48EC-A1A2-2BC45BB45C2D}.Release|Any CPU.ActiveCfg = Release|Any CPU
		{23CADF21-C8A8-48EC-A1A2-2BC45BB45C2D}.Release|Any CPU.Build.0 = Release|Any CPU
		{512CC861-B440-45AC-AE99-3A8A85A97237}.Debug|Any CPU.ActiveCfg = Debug|Any CPU
		{512CC861-B440-45AC-AE99-3A8A85A97237}.Debug|Any CPU.Build.0 = Debug|Any CPU
		{512CC861-B440-45AC-AE99-3A8A85A97237}.Release|Any CPU.ActiveCfg = Release|Any CPU
		{512CC861-B440-45AC-AE99-3A8A85A97237}.Release|Any CPU.Build.0 = Release|Any CPU
		{26AB6996-891D-4BF6-AF6A-AB437F4A348B}.Debug|Any CPU.ActiveCfg = Debug|Any CPU
		{26AB6996-891D-4BF6-AF6A-AB437F4A348B}.Debug|Any CPU.Build.0 = Debug|Any CPU
		{26AB6996-891D-4BF6-AF6A-AB437F4A348B}.Release|Any CPU.ActiveCfg = Release|Any CPU
		{26AB6996-891D-4BF6-AF6A-AB437F4A348B}.Release|Any CPU.Build.0 = Release|Any CPU
		{460B4F1F-4FAE-4082-8805-49F426E9E39B}.Debug|Any CPU.ActiveCfg = Debug|Any CPU
		{460B4F1F-4FAE-4082-8805-49F426E9E39B}.Debug|Any CPU.Build.0 = Debug|Any CPU
		{460B4F1F-4FAE-4082-8805-49F426E9E39B}.Release|Any CPU.ActiveCfg = Release|Any CPU
		{460B4F1F-4FAE-4082-8805-49F426E9E39B}.Release|Any CPU.Build.0 = Release|Any CPU
		{15656D82-3976-4725-9C53-157541E8FF28}.Debug|Any CPU.ActiveCfg = Debug|Any CPU
		{15656D82-3976-4725-9C53-157541E8FF28}.Debug|Any CPU.Build.0 = Debug|Any CPU
		{15656D82-3976-4725-9C53-157541E8FF28}.Release|Any CPU.ActiveCfg = Release|Any CPU
		{15656D82-3976-4725-9C53-157541E8FF28}.Release|Any CPU.Build.0 = Release|Any CPU
		{8D8D2FD4-3EAC-47BA-AA92-93883946F31D}.Debug|Any CPU.ActiveCfg = Debug|Any CPU
		{8D8D2FD4-3EAC-47BA-AA92-93883946F31D}.Debug|Any CPU.Build.0 = Debug|Any CPU
		{8D8D2FD4-3EAC-47BA-AA92-93883946F31D}.Release|Any CPU.ActiveCfg = Release|Any CPU
		{8D8D2FD4-3EAC-47BA-AA92-93883946F31D}.Release|Any CPU.Build.0 = Release|Any CPU
		{0E3F75D9-D818-4C64-8E14-4406AD1E522F}.Debug|Any CPU.ActiveCfg = Debug|Any CPU
		{0E3F75D9-D818-4C64-8E14-4406AD1E522F}.Debug|Any CPU.Build.0 = Debug|Any CPU
		{0E3F75D9-D818-4C64-8E14-4406AD1E522F}.Release|Any CPU.ActiveCfg = Release|Any CPU
		{0E3F75D9-D818-4C64-8E14-4406AD1E522F}.Release|Any CPU.Build.0 = Release|Any CPU
		{948D3CEA-63B6-4300-A2F3-455130EAF695}.Debug|Any CPU.ActiveCfg = Debug|Any CPU
		{948D3CEA-63B6-4300-A2F3-455130EAF695}.Debug|Any CPU.Build.0 = Debug|Any CPU
		{948D3CEA-63B6-4300-A2F3-455130EAF695}.Release|Any CPU.ActiveCfg = Release|Any CPU
		{948D3CEA-63B6-4300-A2F3-455130EAF695}.Release|Any CPU.Build.0 = Release|Any CPU
		{9E69E5B3-0E3C-434C-844F-B1886106EBFC}.Debug|Any CPU.ActiveCfg = Debug|Any CPU
		{9E69E5B3-0E3C-434C-844F-B1886106EBFC}.Debug|Any CPU.Build.0 = Debug|Any CPU
		{9E69E5B3-0E3C-434C-844F-B1886106EBFC}.Release|Any CPU.ActiveCfg = Release|Any CPU
		{9E69E5B3-0E3C-434C-844F-B1886106EBFC}.Release|Any CPU.Build.0 = Release|Any CPU
		{3ECA625F-2AA0-43BE-B827-8231F284C5F4}.Debug|Any CPU.ActiveCfg = Debug|Any CPU
		{3ECA625F-2AA0-43BE-B827-8231F284C5F4}.Debug|Any CPU.Build.0 = Debug|Any CPU
		{3ECA625F-2AA0-43BE-B827-8231F284C5F4}.Release|Any CPU.ActiveCfg = Release|Any CPU
		{3ECA625F-2AA0-43BE-B827-8231F284C5F4}.Release|Any CPU.Build.0 = Release|Any CPU
		{2833909F-B517-4890-BB5C-9F94C3A127EF}.Debug|Any CPU.ActiveCfg = Debug|Any CPU
		{2833909F-B517-4890-BB5C-9F94C3A127EF}.Debug|Any CPU.Build.0 = Debug|Any CPU
		{2833909F-B517-4890-BB5C-9F94C3A127EF}.Release|Any CPU.ActiveCfg = Release|Any CPU
		{2833909F-B517-4890-BB5C-9F94C3A127EF}.Release|Any CPU.Build.0 = Release|Any CPU
		{F76AD3BE-1D14-470A-A12A-7E082DED52EA}.Debug|Any CPU.ActiveCfg = Debug|Any CPU
		{F76AD3BE-1D14-470A-A12A-7E082DED52EA}.Debug|Any CPU.Build.0 = Debug|Any CPU
		{F76AD3BE-1D14-470A-A12A-7E082DED52EA}.Release|Any CPU.ActiveCfg = Release|Any CPU
		{F76AD3BE-1D14-470A-A12A-7E082DED52EA}.Release|Any CPU.Build.0 = Release|Any CPU
		{150A23A5-E686-40DE-A32A-8ECCA9282324}.Debug|Any CPU.ActiveCfg = Debug|Any CPU
		{150A23A5-E686-40DE-A32A-8ECCA9282324}.Debug|Any CPU.Build.0 = Debug|Any CPU
		{150A23A5-E686-40DE-A32A-8ECCA9282324}.Release|Any CPU.ActiveCfg = Release|Any CPU
		{150A23A5-E686-40DE-A32A-8ECCA9282324}.Release|Any CPU.Build.0 = Release|Any CPU
		{9A89520B-9705-4F70-A367-91287B357C2C}.Debug|Any CPU.ActiveCfg = Debug|Any CPU
		{9A89520B-9705-4F70-A367-91287B357C2C}.Debug|Any CPU.Build.0 = Debug|Any CPU
		{9A89520B-9705-4F70-A367-91287B357C2C}.Release|Any CPU.ActiveCfg = Release|Any CPU
		{9A89520B-9705-4F70-A367-91287B357C2C}.Release|Any CPU.Build.0 = Release|Any CPU
		{1FF72248-83D2-4E48-A3FE-D185D858D2FE}.Debug|Any CPU.ActiveCfg = Debug|Any CPU
		{1FF72248-83D2-4E48-A3FE-D185D858D2FE}.Debug|Any CPU.Build.0 = Debug|Any CPU
		{1FF72248-83D2-4E48-A3FE-D185D858D2FE}.Release|Any CPU.ActiveCfg = Release|Any CPU
		{1FF72248-83D2-4E48-A3FE-D185D858D2FE}.Release|Any CPU.Build.0 = Release|Any CPU
		{F549D318-D9C3-4825-B694-011054EE915A}.Debug|Any CPU.ActiveCfg = Debug|Any CPU
		{F549D318-D9C3-4825-B694-011054EE915A}.Debug|Any CPU.Build.0 = Debug|Any CPU
		{F549D318-D9C3-4825-B694-011054EE915A}.Release|Any CPU.ActiveCfg = Release|Any CPU
		{F549D318-D9C3-4825-B694-011054EE915A}.Release|Any CPU.Build.0 = Release|Any CPU
		{E7459566-E800-4FD1-A6D6-701E2B6D6949}.Debug|Any CPU.ActiveCfg = Debug|Any CPU
		{E7459566-E800-4FD1-A6D6-701E2B6D6949}.Debug|Any CPU.Build.0 = Debug|Any CPU
		{E7459566-E800-4FD1-A6D6-701E2B6D6949}.Release|Any CPU.ActiveCfg = Release|Any CPU
		{E7459566-E800-4FD1-A6D6-701E2B6D6949}.Release|Any CPU.Build.0 = Release|Any CPU
		{98D0B7E0-5479-438A-9F2F-89700852A616}.Debug|Any CPU.ActiveCfg = Debug|Any CPU
		{98D0B7E0-5479-438A-9F2F-89700852A616}.Debug|Any CPU.Build.0 = Debug|Any CPU
		{98D0B7E0-5479-438A-9F2F-89700852A616}.Release|Any CPU.ActiveCfg = Release|Any CPU
		{98D0B7E0-5479-438A-9F2F-89700852A616}.Release|Any CPU.Build.0 = Release|Any CPU
	EndGlobalSection
	GlobalSection(SolutionProperties) = preSolution
		HideSolutionNode = FALSE
	EndGlobalSection
	GlobalSection(NestedProjects) = preSolution
		{26AB6996-891D-4BF6-AF6A-AB437F4A348B} = {5E2CC75D-B653-475E-906A-1FEBC57B7C7F}
		{460B4F1F-4FAE-4082-8805-49F426E9E39B} = {5E2CC75D-B653-475E-906A-1FEBC57B7C7F}
		{15656D82-3976-4725-9C53-157541E8FF28} = {5E2CC75D-B653-475E-906A-1FEBC57B7C7F}
		{8D8D2FD4-3EAC-47BA-AA92-93883946F31D} = {5E2CC75D-B653-475E-906A-1FEBC57B7C7F}
		{0E3F75D9-D818-4C64-8E14-4406AD1E522F} = {5E2CC75D-B653-475E-906A-1FEBC57B7C7F}
		{9A89520B-9705-4F70-A367-91287B357C2C} = {8D6213FD-5926-40D1-8CD3-99768968C821}
		{1FF72248-83D2-4E48-A3FE-D185D858D2FE} = {8D6213FD-5926-40D1-8CD3-99768968C821}
		{F549D318-D9C3-4825-B694-011054EE915A} = {EB8801C7-16DB-4569-82F7-36DBAD3DEB0A}
		{E7459566-E800-4FD1-A6D6-701E2B6D6949} = {EB8801C7-16DB-4569-82F7-36DBAD3DEB0A}
		{98D0B7E0-5479-438A-9F2F-89700852A616} = {EB8801C7-16DB-4569-82F7-36DBAD3DEB0A}
	EndGlobalSection
	GlobalSection(ExtensibilityGlobals) = postSolution
		SolutionGuid = {87A5E1E6-8CE6-42F2-BD26-F46241A410C7}
	EndGlobalSection
EndGlobal
